
Microsoft Visual Studio Solution File, Format Version 12.00
# Visual Studio Version 17
VisualStudioVersion = 17.9.34622.214
MinimumVisualStudioVersion = 10.0.40219.1
Project("{FAE04EC0-301F-11D3-BF4B-00C04F79EFBC}") = "OTUS_L47_HW", "OTUS_L47_HW\OTUS_L47_HW.csproj", "{A6070382-A658-413D-B826-9376220A24D9}"
EndProject
Project("{00D1A9C2-B5F0-4AF3-8072-F6C62B433612}") = "DB", "DB\DB.sqlproj", "{CEFF1AA2-AB35-4B2D-AF71-7BC57AA7C948}"
EndProject
Global
	GlobalSection(SolutionConfigurationPlatforms) = preSolution
		Debug|Any CPU = Debug|Any CPU
		Release|Any CPU = Release|Any CPU
	EndGlobalSection
	GlobalSection(ProjectConfigurationPlatforms) = postSolution
		{A6070382-A658-413D-B826-9376220A24D9}.Debug|Any CPU.ActiveCfg = Debug|Any CPU
		{A6070382-A658-413D-B826-9376220A24D9}.Debug|Any CPU.Build.0 = Debug|Any CPU
		{A6070382-A658-413D-B826-9376220A24D9}.Release|Any CPU.ActiveCfg = Release|Any CPU
		{A6070382-A658-413D-B826-9376220A24D9}.Release|Any CPU.Build.0 = Release|Any CPU
		{CEFF1AA2-AB35-4B2D-AF71-7BC57AA7C948}.Debug|Any CPU.ActiveCfg = Debug|Any CPU
		{CEFF1AA2-AB35-4B2D-AF71-7BC57AA7C948}.Debug|Any CPU.Build.0 = Debug|Any CPU
		{CEFF1AA2-AB35-4B2D-AF71-7BC57AA7C948}.Debug|Any CPU.Deploy.0 = Debug|Any CPU
		{CEFF1AA2-AB35-4B2D-AF71-7BC57AA7C948}.Release|Any CPU.ActiveCfg = Release|Any CPU
		{CEFF1AA2-AB35-4B2D-AF71-7BC57AA7C948}.Release|Any CPU.Build.0 = Release|Any CPU
		{CEFF1AA2-AB35-4B2D-AF71-7BC57AA7C948}.Release|Any CPU.Deploy.0 = Release|Any CPU
	EndGlobalSection
	GlobalSection(SolutionProperties) = preSolution
		HideSolutionNode = FALSE
	EndGlobalSection
	GlobalSection(ExtensibilityGlobals) = postSolution
		SolutionGuid = {1C978811-B8E4-46F2-943F-F5BBF026FD41}
	EndGlobalSection
EndGlobal
